{
  "name": "@fiservedpi/salty-dog",
  "version": "0.1.0",
  "lockfileVersion": 3,
  "requires": true,
  "packages": {
    "": {
      "name": "@fiservedpi/salty-dog",
      "version": "0.1.0",
      "license": "MIT",
      "bin": {
        "salty-dog": "bin/salty-dog.js"
      },
      "engines": {
        "node": ">=20"
      }
    }
  }
}
